
Microsoft Visual Studio Solution File, Format Version 12.00
# Visual Studio Version 17
VisualStudioVersion = 17.3.32922.545
MinimumVisualStudioVersion = 10.0.40219.1
Project("{9A19103F-16F7-4668-BE54-9A1E7A4F7556}") = "EcommerceApp", "EcommerceApp\EcommerceApp.csproj", "{8EC28D23-9948-461F-B8DB-89A521CC059D}"
EndProject
Project("{FAE04EC0-301F-11D3-BF4B-00C04F79EFBC}") = "EcommerceApp.Tests", "EcommerceApp.Tests\EcommerceApp.Tests.csproj", "{88467C51-ECF6-44BB-A523-D51E0863F295}"
EndProject
Global
	GlobalSection(SolutionConfigurationPlatforms) = preSolution
		Debug|Any CPU = Debug|Any CPU
		Release|Any CPU = Release|Any CPU
	EndGlobalSection
	GlobalSection(ProjectConfigurationPlatforms) = postSolution
		{8EC28D23-9948-461F-B8DB-89A521CC059D}.Debug|Any CPU.ActiveCfg = Debug|Any CPU
		{8EC28D23-9948-461F-B8DB-89A521CC059D}.Debug|Any CPU.Build.0 = Debug|Any CPU
		{8EC28D23-9948-461F-B8DB-89A521CC059D}.Release|Any CPU.ActiveCfg = Release|Any CPU
		{8EC28D23-9948-461F-B8DB-89A521CC059D}.Release|Any CPU.Build.0 = Release|Any CPU
		{88467C51-ECF6-44BB-A523-D51E0863F295}.Debug|Any CPU.ActiveCfg = Debug|Any CPU
		{88467C51-ECF6-44BB-A523-D51E0863F295}.Debug|Any CPU.Build.0 = Debug|Any CPU
		{88467C51-ECF6-44BB-A523-D51E0863F295}.Release|Any CPU.ActiveCfg = Release|Any CPU
		{88467C51-ECF6-44BB-A523-D51E0863F295}.Release|Any CPU.Build.0 = Release|Any CPU
	EndGlobalSection
	GlobalSection(SolutionProperties) = preSolution
		HideSolutionNode = FALSE
	EndGlobalSection
	GlobalSection(ExtensibilityGlobals) = postSolution
		SolutionGuid = {77D28D9B-4BE0-40DB-9D02-60BEDBF04AED}
	EndGlobalSection
EndGlobal
